// !$*UTF8*$!
{
	archiveVersion = 1;
	classes = {
	};
	objectVersion = 60;
	objects = {

/* Begin PBXBuildFile section */
		435039F02D132D02006F7794 /* CreateCVViewController.swift in Sources */ = {isa = PBXBuildFile; fileRef = 435039EF2D132D02006F7794 /* CreateCVViewController.swift */; };
		435039F22D14161C006F7794 /* AboutMeViewController.swift in Sources */ = {isa = PBXBuildFile; fileRef = 435039F12D14161C006F7794 /* AboutMeViewController.swift */; };
		435039F42D1417C5006F7794 /* EducationCVViewController.swift in Sources */ = {isa = PBXBuildFile; fileRef = 435039F32D1417C5006F7794 /* EducationCVViewController.swift */; };
		435039F62D141C08006F7794 /* SkillCVViewController.swift in Sources */ = {isa = PBXBuildFile; fileRef = 435039F52D141C08006F7794 /* SkillCVViewController.swift */; };
		435039F82D141F54006F7794 /* CertificationCVViewController.swift in Sources */ = {isa = PBXBuildFile; fileRef = 435039F72D141F54006F7794 /* CertificationCVViewController.swift */; };
		435039FA2D142285006F7794 /* ProjectsCVViewController.swift in Sources */ = {isa = PBXBuildFile; fileRef = 435039F92D142285006F7794 /* ProjectsCVViewController.swift */; };
		435039FC2D142811006F7794 /* CVManager.swift in Sources */ = {isa = PBXBuildFile; fileRef = 435039FB2D142811006F7794 /* CVManager.swift */; };
		437286D22D11DF64000D3518 /* CreateCVNavigationController.swift in Sources */ = {isa = PBXBuildFile; fileRef = 437286D12D11DF64000D3518 /* CreateCVNavigationController.swift */; };
		43B1C5332D1585BF0046F96C /* AllCVViewController.swift in Sources */ = {isa = PBXBuildFile; fileRef = 43B1C5322D1585BF0046F96C /* AllCVViewController.swift */; };
		43B1C5352D15EFA20046F96C /* CVTableViewCell.swift in Sources */ = {isa = PBXBuildFile; fileRef = 43B1C5342D15EFA20046F96C /* CVTableViewCell.swift */; };
		43B1C5372D17326E0046F96C /* CVDetailsViewController.swift in Sources */ = {isa = PBXBuildFile; fileRef = 43B1C5362D17326E0046F96C /* CVDetailsViewController.swift */; };
		66E035052D143B050050E168 /* generalInformationCollectionViewCell.swift in Sources */ = {isa = PBXBuildFile; fileRef = 66E035042D143B050050E168 /* generalInformationCollectionViewCell.swift */; };
		891235A82D1E5349008B6A3E /* UserMangeViewController.swift in Sources */ = {isa = PBXBuildFile; fileRef = 891235A72D1E5349008B6A3E /* UserMangeViewController.swift */; };
		891235AC2D1E568D008B6A3E /* UserMangeCell.swift in Sources */ = {isa = PBXBuildFile; fileRef = 891235AB2D1E568D008B6A3E /* UserMangeCell.swift */; };
		891235B02D1E586F008B6A3E /* UserManger.swift in Sources */ = {isa = PBXBuildFile; fileRef = 891235AF2D1E586F008B6A3E /* UserManger.swift */; };
		893E0F4B2D1D7955004CB6C3 /* MangeWebinarsTableViewCell.swift in Sources */ = {isa = PBXBuildFile; fileRef = 893E0F4A2D1D7955004CB6C3 /* MangeWebinarsTableViewCell.swift */; };
		893E0F4D2D1D7998004CB6C3 /* MangeWebinarsViewController.swift in Sources */ = {isa = PBXBuildFile; fileRef = 893E0F4C2D1D7998004CB6C3 /* MangeWebinarsViewController.swift */; };
		893E0F4F2D1DA202004CB6C3 /* MangeVideosViewController.swift in Sources */ = {isa = PBXBuildFile; fileRef = 893E0F4E2D1DA202004CB6C3 /* MangeVideosViewController.swift */; };
		893E0F512D1DA2A6004CB6C3 /* MangeVideosTableViewCell.swift in Sources */ = {isa = PBXBuildFile; fileRef = 893E0F502D1DA2A6004CB6C3 /* MangeVideosTableViewCell.swift */; };
		893E0F552D1DC263004CB6C3 /* ManageJobsViewController.swift in Sources */ = {isa = PBXBuildFile; fileRef = 893E0F542D1DC263004CB6C3 /* ManageJobsViewController.swift */; };
		893E0F592D1DCCC4004CB6C3 /* AdminJobCell.swift in Sources */ = {isa = PBXBuildFile; fileRef = 893E0F582D1DCCC4004CB6C3 /* AdminJobCell.swift */; };
		895C0AAB2D17354800E7283B /* Cloudinary in Frameworks */ = {isa = PBXBuildFile; productRef = 895C0AAA2D17354800E7283B /* Cloudinary */; };
		895C0AAE2D1735DA00E7283B /* CloudinaryManager.swift in Sources */ = {isa = PBXBuildFile; fileRef = 895C0AAD2D1735D500E7283B /* CloudinaryManager.swift */; };
		8983F9A02D147DF400DE32B5 /* AddEmployerViewController.swift in Sources */ = {isa = PBXBuildFile; fileRef = 8983F99F2D147DF400DE32B5 /* AddEmployerViewController.swift */; };
		8983F9A22D15D1C200DE32B5 /* AddArticleViewController.swift in Sources */ = {isa = PBXBuildFile; fileRef = 8983F9A12D15D1C200DE32B5 /* AddArticleViewController.swift */; };
		89ACEE292D1B98F4008D5F57 /* AddWebinarsViewController.swift in Sources */ = {isa = PBXBuildFile; fileRef = 89ACEE282D1B98F4008D5F57 /* AddWebinarsViewController.swift */; };
		89ACEE2B2D1BC799008D5F57 /* AddVideoViewController.swift in Sources */ = {isa = PBXBuildFile; fileRef = 89ACEE2A2D1BC799008D5F57 /* AddVideoViewController.swift */; };
		89BB590F2D1CC076000FE481 /* MangeArticlesViewController.swift in Sources */ = {isa = PBXBuildFile; fileRef = 89BB590E2D1CC076000FE481 /* MangeArticlesViewController.swift */; };
		89BB59112D1CD711000FE481 /* ManageArticlesTableViewCell.swift in Sources */ = {isa = PBXBuildFile; fileRef = 89BB59102D1CD711000FE481 /* ManageArticlesTableViewCell.swift */; };
		89FEE3AF2D1F034B007F321D /* AdminResourseManger.swift in Sources */ = {isa = PBXBuildFile; fileRef = 89FEE3AE2D1F034B007F321D /* AdminResourseManger.swift */; };
		942060582D0CCDE800A2DE36 /* VideosViewController.swift in Sources */ = {isa = PBXBuildFile; fileRef = 942060572D0CCDE800A2DE36 /* VideosViewController.swift */; };
		9420605A2D0CCE0100A2DE36 /* VideosTableViewCell.swift in Sources */ = {isa = PBXBuildFile; fileRef = 942060592D0CCE0100A2DE36 /* VideosTableViewCell.swift */; };
		9420605C2D0CCE1900A2DE36 /* VideoDetailsViewController.swift in Sources */ = {isa = PBXBuildFile; fileRef = 9420605B2D0CCE1900A2DE36 /* VideoDetailsViewController.swift */; };
		9420605E2D0DAA7600A2DE36 /* SavedViewController.swift in Sources */ = {isa = PBXBuildFile; fileRef = 9420605D2D0DAA7600A2DE36 /* SavedViewController.swift */; };
		942060602D0DAB0E00A2DE36 /* SavedTableViewCell.swift in Sources */ = {isa = PBXBuildFile; fileRef = 9420605F2D0DAB0E00A2DE36 /* SavedTableViewCell.swift */; };
		942060642D10509900A2DE36 /* CourseTableViewCell.swift in Sources */ = {isa = PBXBuildFile; fileRef = 942060632D10509900A2DE36 /* CourseTableViewCell.swift */; };
		942060662D1050A600A2DE36 /* CourseViewController.swift in Sources */ = {isa = PBXBuildFile; fileRef = 942060652D1050A600A2DE36 /* CourseViewController.swift */; };
		942060682D1050B900A2DE36 /* CourseDetailsViewController.swift in Sources */ = {isa = PBXBuildFile; fileRef = 942060672D1050B900A2DE36 /* CourseDetailsViewController.swift */; };
		9420606A2D10516000A2DE36 /* OnlineCourses.swift in Sources */ = {isa = PBXBuildFile; fileRef = 942060692D10516000A2DE36 /* OnlineCourses.swift */; };
		9420606C2D1073EC00A2DE36 /* CourseContentViewController.swift in Sources */ = {isa = PBXBuildFile; fileRef = 9420606B2D1073EC00A2DE36 /* CourseContentViewController.swift */; };
		9420606E2D1074D400A2DE36 /* CourseContentTableViewCell.swift in Sources */ = {isa = PBXBuildFile; fileRef = 9420606D2D1074D400A2DE36 /* CourseContentTableViewCell.swift */; };
		942060702D10828700A2DE36 /* CourseReviewTableViewCell.swift in Sources */ = {isa = PBXBuildFile; fileRef = 9420606F2D10828700A2DE36 /* CourseReviewTableViewCell.swift */; };
		942060722D1082AD00A2DE36 /* CourseReviewViewController.swift in Sources */ = {isa = PBXBuildFile; fileRef = 942060712D1082AD00A2DE36 /* CourseReviewViewController.swift */; };
		946297222D0AFD86005542AA /* ArticleDetailsViewController.swift in Sources */ = {isa = PBXBuildFile; fileRef = 946297212D0AFD86005542AA /* ArticleDetailsViewController.swift */; };
		946297242D0CA075005542AA /* WebinarsViewController.swift in Sources */ = {isa = PBXBuildFile; fileRef = 946297232D0CA075005542AA /* WebinarsViewController.swift */; };
		946297262D0CA226005542AA /* WebinarsTableViewCell.swift in Sources */ = {isa = PBXBuildFile; fileRef = 946297252D0CA226005542AA /* WebinarsTableViewCell.swift */; };
		946297282D0CB25F005542AA /* WebinarDetailsViewController.swift in Sources */ = {isa = PBXBuildFile; fileRef = 946297272D0CB25F005542AA /* WebinarDetailsViewController.swift */; };
		947B8FDB2D10B69D004463EF /* CourseQuizViewController.swift in Sources */ = {isa = PBXBuildFile; fileRef = 947B8FDA2D10B69D004463EF /* CourseQuizViewController.swift */; };
		947B8FDD2D10B6BB004463EF /* CourseQuizTableViewCell.swift in Sources */ = {isa = PBXBuildFile; fileRef = 947B8FDC2D10B6BB004463EF /* CourseQuizTableViewCell.swift */; };
		947B8FE22D11B4C0004463EF /* FirebaseAnalytics in Frameworks */ = {isa = PBXBuildFile; productRef = 947B8FE12D11B4C0004463EF /* FirebaseAnalytics */; };
		947B8FE42D11B559004463EF /* FirebaseFirestore in Frameworks */ = {isa = PBXBuildFile; productRef = 947B8FE32D11B559004463EF /* FirebaseFirestore */; };
		947B8FE62D11CA5B004463EF /* FirebaseManager.swift in Sources */ = {isa = PBXBuildFile; fileRef = 947B8FE52D11CA5B004463EF /* FirebaseManager.swift */; };
		947B8FEB2D12360B004463EF /* ResourceManager.swift in Sources */ = {isa = PBXBuildFile; fileRef = 947B8FEA2D12360B004463EF /* ResourceManager.swift */; };
		947B8FED2D1C682B004463EF /* AccessManager.swift in Sources */ = {isa = PBXBuildFile; fileRef = 947B8FEC2D1C682B004463EF /* AccessManager.swift */; };
		94CADAAA2D08ADD700F8B3AC /* growthHubViewController.swift in Sources */ = {isa = PBXBuildFile; fileRef = 94CADAA92D08ADD700F8B3AC /* growthHubViewController.swift */; };
		94CADAAE2D08B96000F8B3AC /* ArticlesTableViewCell.swift in Sources */ = {isa = PBXBuildFile; fileRef = 94CADAAD2D08B96000F8B3AC /* ArticlesTableViewCell.swift */; };
		94CEF5802D1D726D00D1436E /* VideoPlayerViewController.swift in Sources */ = {isa = PBXBuildFile; fileRef = 94CEF57F2D1D726D00D1436E /* VideoPlayerViewController.swift */; };
		94E2D2772D076FB500614521 /* Resource.swift in Sources */ = {isa = PBXBuildFile; fileRef = 94E2D2762D076FB500614521 /* Resource.swift */; };
		94E2D2792D07925000614521 /* ArticlesViewController.swift in Sources */ = {isa = PBXBuildFile; fileRef = 94E2D2782D07925000614521 /* ArticlesViewController.swift */; };
		AC2776E62D0AF25B0019677C /* addJobView3ViewController.swift in Sources */ = {isa = PBXBuildFile; fileRef = AC2776E52D0AF25B0019677C /* addJobView3ViewController.swift */; };
		AC2776E82D0AF55F0019677C /* testViewController.swift in Sources */ = {isa = PBXBuildFile; fileRef = AC2776E72D0AF55F0019677C /* testViewController.swift */; };
		AC2776EA2D0B02E10019677C /* AddJobView4ViewController.swift in Sources */ = {isa = PBXBuildFile; fileRef = AC2776E92D0B02E10019677C /* AddJobView4ViewController.swift */; };
		AC2776EC2D0B05360019677C /* addJobView2ViewController.swift in Sources */ = {isa = PBXBuildFile; fileRef = AC2776EB2D0B05360019677C /* addJobView2ViewController.swift */; };
		AC8BA8FD2D0F430800EE7A2C /* jobCellTableViewCell.swift in Sources */ = {isa = PBXBuildFile; fileRef = AC8BA8FC2D0F430800EE7A2C /* jobCellTableViewCell.swift */; };
		C311B0D32D06FDF00071CF9B /* EmployerDashboardViewController.swift in Sources */ = {isa = PBXBuildFile; fileRef = C311B0D22D06FDF00071CF9B /* EmployerDashboardViewController.swift */; };
		C311B0D52D0707D30071CF9B /* ViewJobApplicationViewController.swift in Sources */ = {isa = PBXBuildFile; fileRef = C311B0D42D0707D30071CF9B /* ViewJobApplicationViewController.swift */; };
		D153BE402CF47AC900A81FFC /* AppDelegate.swift in Sources */ = {isa = PBXBuildFile; fileRef = D153BE3F2CF47AC900A81FFC /* AppDelegate.swift */; };
		D153BE422CF47AC900A81FFC /* SceneDelegate.swift in Sources */ = {isa = PBXBuildFile; fileRef = D153BE412CF47AC900A81FFC /* SceneDelegate.swift */; };
		D153BE442CF47AC900A81FFC /* ViewController.swift in Sources */ = {isa = PBXBuildFile; fileRef = D153BE432CF47AC900A81FFC /* ViewController.swift */; };
		D153BE472CF47AC900A81FFC /* Main.storyboard in Resources */ = {isa = PBXBuildFile; fileRef = D153BE452CF47AC900A81FFC /* Main.storyboard */; };
		D153BE492CF47ACC00A81FFC /* Assets.xcassets in Resources */ = {isa = PBXBuildFile; fileRef = D153BE482CF47ACC00A81FFC /* Assets.xcassets */; };
		D153BE4C2CF47ACC00A81FFC /* LaunchScreen.storyboard in Resources */ = {isa = PBXBuildFile; fileRef = D153BE4A2CF47ACC00A81FFC /* LaunchScreen.storyboard */; };
		D153BE572CF47ACC00A81FFC /* SeekersBHTests.swift in Sources */ = {isa = PBXBuildFile; fileRef = D153BE562CF47ACC00A81FFC /* SeekersBHTests.swift */; };
		D153BE612CF47ACC00A81FFC /* SeekersBHUITests.swift in Sources */ = {isa = PBXBuildFile; fileRef = D153BE602CF47ACC00A81FFC /* SeekersBHUITests.swift */; };
		D153BE632CF47ACC00A81FFC /* SeekersBHUITestsLaunchTests.swift in Sources */ = {isa = PBXBuildFile; fileRef = D153BE622CF47ACC00A81FFC /* SeekersBHUITestsLaunchTests.swift */; };
		D153BE702CF47E8400A81FFC /* testTableViewController.swift in Sources */ = {isa = PBXBuildFile; fileRef = D153BE6F2CF47E8400A81FFC /* testTableViewController.swift */; };
		D184E3E42CF86C6700D896D6 /* ruqaya.storyboard in Resources */ = {isa = PBXBuildFile; fileRef = D184E3E32CF86C6700D896D6 /* ruqaya.storyboard */; };
		D184E3E62CF86C7500D896D6 /* marwa.storyboard in Resources */ = {isa = PBXBuildFile; fileRef = D184E3E52CF86C7500D896D6 /* marwa.storyboard */; };
		D184E3E82CF86C7F00D896D6 /* qasim.storyboard in Resources */ = {isa = PBXBuildFile; fileRef = D184E3E72CF86C7F00D896D6 /* qasim.storyboard */; };
		D184E3EA2CF86C8900D896D6 /* duha.storyboard in Resources */ = {isa = PBXBuildFile; fileRef = D184E3E92CF86C8900D896D6 /* duha.storyboard */; };
		D184E3EC2CF86C9400D896D6 /* zainab.storyboard in Resources */ = {isa = PBXBuildFile; fileRef = D184E3EB2CF86C9400D896D6 /* zainab.storyboard */; };
		D184E3EE2CF86C9C00D896D6 /* reem.storyboard in Resources */ = {isa = PBXBuildFile; fileRef = D184E3ED2CF86C9C00D896D6 /* reem.storyboard */; };
		D184E3F12CF86CF400D896D6 /* user.swift in Sources */ = {isa = PBXBuildFile; fileRef = D184E3F02CF86CF400D896D6 /* user.swift */; };
		D184E3FD2CF8769000D896D6 /* GoogleService-Info.plist in Resources */ = {isa = PBXBuildFile; fileRef = D184E3FC2CF8769000D896D6 /* GoogleService-Info.plist */; };
		D184E3FF2CF8785A00D896D6 /* Job.swift in Sources */ = {isa = PBXBuildFile; fileRef = D184E3FE2CF8785A00D896D6 /* Job.swift */; };
		D184E4012CF87A5600D896D6 /* CV.swift in Sources */ = {isa = PBXBuildFile; fileRef = D184E4002CF87A5600D896D6 /* CV.swift */; };
		D184E4032CF87E5500D896D6 /* JobApplication.swift in Sources */ = {isa = PBXBuildFile; fileRef = D184E4022CF87E5500D896D6 /* JobApplication.swift */; };
		D4070DB02D0F11C700E517FE /* NewJobRecommendationTableViewCell.swift in Sources */ = {isa = PBXBuildFile; fileRef = D4070DAF2D0F11C700E517FE /* NewJobRecommendationTableViewCell.swift */; };
		D4070DB22D0F144600E517FE /* NewJobRecommendationViewController.swift in Sources */ = {isa = PBXBuildFile; fileRef = D4070DB12D0F144600E517FE /* NewJobRecommendationViewController.swift */; };
		D4070DB42D0F200600E517FE /* NewJobDetailViewController.swift in Sources */ = {isa = PBXBuildFile; fileRef = D4070DB32D0F200600E517FE /* NewJobDetailViewController.swift */; };
		D4070DB62D0F206B00E517FE /* NewJobDetailTableViewController.swift in Sources */ = {isa = PBXBuildFile; fileRef = D4070DB52D0F206B00E517FE /* NewJobDetailTableViewController.swift */; };
		D4070DB82D10768C00E517FE /* ApplyPageViewController.swift in Sources */ = {isa = PBXBuildFile; fileRef = D4070DB72D10768C00E517FE /* ApplyPageViewController.swift */; };
		D4070DBC2D107AA100E517FE /* NewApplyPageFormTableViewController.swift in Sources */ = {isa = PBXBuildFile; fileRef = D4070DBB2D107AA100E517FE /* NewApplyPageFormTableViewController.swift */; };
		D41DE5E82D1C427900706104 /* CVSelectionJobApplicationViewController.swift in Sources */ = {isa = PBXBuildFile; fileRef = D41DE5E72D1C427900706104 /* CVSelectionJobApplicationViewController.swift */; };
		D41DE5EA2D1C433500706104 /* CVSelectionApplicationsTableViewController.swift in Sources */ = {isa = PBXBuildFile; fileRef = D41DE5E92D1C433500706104 /* CVSelectionApplicationsTableViewController.swift */; };
		D45526BC2D09ED2A00149AA9 /* JobTableViewCell.swift in Sources */ = {isa = PBXBuildFile; fileRef = D45526BB2D09ED2A00149AA9 /* JobTableViewCell.swift */; };
		E66556782D1BFADA0010E968 /* JobDetailsViewController.swift in Sources */ = {isa = PBXBuildFile; fileRef = E66556772D1BFADA0010E968 /* JobDetailsViewController.swift */; };
		E665567A2D1BFB320010E968 /* JobDetailsTableViewCell.swift in Sources */ = {isa = PBXBuildFile; fileRef = E66556792D1BFB320010E968 /* JobDetailsTableViewCell.swift */; };
		E665567C2D1C305E0010E968 /* viewApplicantsViewController.swift in Sources */ = {isa = PBXBuildFile; fileRef = E665567B2D1C305E0010E968 /* viewApplicantsViewController.swift */; };
		E665567E2D1C30C80010E968 /* applicantCellTableViewCell.swift in Sources */ = {isa = PBXBuildFile; fileRef = E665567D2D1C30C80010E968 /* applicantCellTableViewCell.swift */; };
/* End PBXBuildFile section */

/* Begin PBXContainerItemProxy section */
		D153BE532CF47ACC00A81FFC /* PBXContainerItemProxy */ = {
			isa = PBXContainerItemProxy;
			containerPortal = D153BE342CF47AC900A81FFC /* Project object */;
			proxyType = 1;
			remoteGlobalIDString = D153BE3B2CF47AC900A81FFC;
			remoteInfo = SeekersBH;
		};
		D153BE5D2CF47ACC00A81FFC /* PBXContainerItemProxy */ = {
			isa = PBXContainerItemProxy;
			containerPortal = D153BE342CF47AC900A81FFC /* Project object */;
			proxyType = 1;
			remoteGlobalIDString = D153BE3B2CF47AC900A81FFC;
			remoteInfo = SeekersBH;
		};
/* End PBXContainerItemProxy section */

/* Begin PBXFileReference section */
		435039EF2D132D02006F7794 /* CreateCVViewController.swift */ = {isa = PBXFileReference; lastKnownFileType = sourcecode.swift; path = CreateCVViewController.swift; sourceTree = "<group>"; };
		435039F12D14161C006F7794 /* AboutMeViewController.swift */ = {isa = PBXFileReference; lastKnownFileType = sourcecode.swift; path = AboutMeViewController.swift; sourceTree = "<group>"; };
		435039F32D1417C5006F7794 /* EducationCVViewController.swift */ = {isa = PBXFileReference; lastKnownFileType = sourcecode.swift; path = EducationCVViewController.swift; sourceTree = "<group>"; };
		435039F52D141C08006F7794 /* SkillCVViewController.swift */ = {isa = PBXFileReference; lastKnownFileType = sourcecode.swift; path = SkillCVViewController.swift; sourceTree = "<group>"; };
		435039F72D141F54006F7794 /* CertificationCVViewController.swift */ = {isa = PBXFileReference; lastKnownFileType = sourcecode.swift; path = CertificationCVViewController.swift; sourceTree = "<group>"; };
		435039F92D142285006F7794 /* ProjectsCVViewController.swift */ = {isa = PBXFileReference; lastKnownFileType = sourcecode.swift; path = ProjectsCVViewController.swift; sourceTree = "<group>"; };
		435039FB2D142811006F7794 /* CVManager.swift */ = {isa = PBXFileReference; lastKnownFileType = sourcecode.swift; path = CVManager.swift; sourceTree = "<group>"; };
		437286D12D11DF64000D3518 /* CreateCVNavigationController.swift */ = {isa = PBXFileReference; lastKnownFileType = sourcecode.swift; path = CreateCVNavigationController.swift; sourceTree = "<group>"; };
		43B1C5322D1585BF0046F96C /* AllCVViewController.swift */ = {isa = PBXFileReference; lastKnownFileType = sourcecode.swift; path = AllCVViewController.swift; sourceTree = "<group>"; };
		43B1C5342D15EFA20046F96C /* CVTableViewCell.swift */ = {isa = PBXFileReference; lastKnownFileType = sourcecode.swift; path = CVTableViewCell.swift; sourceTree = "<group>"; };
		43B1C5362D17326E0046F96C /* CVDetailsViewController.swift */ = {isa = PBXFileReference; lastKnownFileType = sourcecode.swift; path = CVDetailsViewController.swift; sourceTree = "<group>"; };
		66E035042D143B050050E168 /* generalInformationCollectionViewCell.swift */ = {isa = PBXFileReference; lastKnownFileType = sourcecode.swift; path = generalInformationCollectionViewCell.swift; sourceTree = "<group>"; };
		891235A72D1E5349008B6A3E /* UserMangeViewController.swift */ = {isa = PBXFileReference; lastKnownFileType = sourcecode.swift; path = UserMangeViewController.swift; sourceTree = "<group>"; };
		891235AB2D1E568D008B6A3E /* UserMangeCell.swift */ = {isa = PBXFileReference; lastKnownFileType = sourcecode.swift; path = UserMangeCell.swift; sourceTree = "<group>"; };
		891235AF2D1E586F008B6A3E /* UserManger.swift */ = {isa = PBXFileReference; lastKnownFileType = sourcecode.swift; path = UserManger.swift; sourceTree = "<group>"; };
		893E0F4A2D1D7955004CB6C3 /* MangeWebinarsTableViewCell.swift */ = {isa = PBXFileReference; lastKnownFileType = sourcecode.swift; path = MangeWebinarsTableViewCell.swift; sourceTree = "<group>"; };
		893E0F4C2D1D7998004CB6C3 /* MangeWebinarsViewController.swift */ = {isa = PBXFileReference; lastKnownFileType = sourcecode.swift; path = MangeWebinarsViewController.swift; sourceTree = "<group>"; };
		893E0F4E2D1DA202004CB6C3 /* MangeVideosViewController.swift */ = {isa = PBXFileReference; lastKnownFileType = sourcecode.swift; path = MangeVideosViewController.swift; sourceTree = "<group>"; };
		893E0F502D1DA2A6004CB6C3 /* MangeVideosTableViewCell.swift */ = {isa = PBXFileReference; lastKnownFileType = sourcecode.swift; path = MangeVideosTableViewCell.swift; sourceTree = "<group>"; };
		893E0F542D1DC263004CB6C3 /* ManageJobsViewController.swift */ = {isa = PBXFileReference; lastKnownFileType = sourcecode.swift; path = ManageJobsViewController.swift; sourceTree = "<group>"; };
		893E0F582D1DCCC4004CB6C3 /* AdminJobCell.swift */ = {isa = PBXFileReference; lastKnownFileType = sourcecode.swift; path = AdminJobCell.swift; sourceTree = "<group>"; };
		895C0AAD2D1735D500E7283B /* CloudinaryManager.swift */ = {isa = PBXFileReference; lastKnownFileType = sourcecode.swift; path = CloudinaryManager.swift; sourceTree = "<group>"; };
		8983F99F2D147DF400DE32B5 /* AddEmployerViewController.swift */ = {isa = PBXFileReference; lastKnownFileType = sourcecode.swift; path = AddEmployerViewController.swift; sourceTree = "<group>"; };
		8983F9A12D15D1C200DE32B5 /* AddArticleViewController.swift */ = {isa = PBXFileReference; lastKnownFileType = sourcecode.swift; path = AddArticleViewController.swift; sourceTree = "<group>"; };
		89ACEE282D1B98F4008D5F57 /* AddWebinarsViewController.swift */ = {isa = PBXFileReference; lastKnownFileType = sourcecode.swift; path = AddWebinarsViewController.swift; sourceTree = "<group>"; };
		89ACEE2A2D1BC799008D5F57 /* AddVideoViewController.swift */ = {isa = PBXFileReference; lastKnownFileType = sourcecode.swift; path = AddVideoViewController.swift; sourceTree = "<group>"; };
		89BB590E2D1CC076000FE481 /* MangeArticlesViewController.swift */ = {isa = PBXFileReference; lastKnownFileType = sourcecode.swift; path = MangeArticlesViewController.swift; sourceTree = "<group>"; };
		89BB59102D1CD711000FE481 /* ManageArticlesTableViewCell.swift */ = {isa = PBXFileReference; lastKnownFileType = sourcecode.swift; path = ManageArticlesTableViewCell.swift; sourceTree = "<group>"; };
		89FEE3AE2D1F034B007F321D /* AdminResourseManger.swift */ = {isa = PBXFileReference; lastKnownFileType = sourcecode.swift; path = AdminResourseManger.swift; sourceTree = "<group>"; };
		942060572D0CCDE800A2DE36 /* VideosViewController.swift */ = {isa = PBXFileReference; lastKnownFileType = sourcecode.swift; path = VideosViewController.swift; sourceTree = SOURCE_ROOT; };
		942060592D0CCE0100A2DE36 /* VideosTableViewCell.swift */ = {isa = PBXFileReference; lastKnownFileType = sourcecode.swift; path = VideosTableViewCell.swift; sourceTree = "<group>"; };
		9420605B2D0CCE1900A2DE36 /* VideoDetailsViewController.swift */ = {isa = PBXFileReference; lastKnownFileType = sourcecode.swift; path = VideoDetailsViewController.swift; sourceTree = "<group>"; };
		9420605D2D0DAA7600A2DE36 /* SavedViewController.swift */ = {isa = PBXFileReference; lastKnownFileType = sourcecode.swift; name = SavedViewController.swift; path = SeekersBH/views/SavedViewController.swift; sourceTree = SOURCE_ROOT; };
		9420605F2D0DAB0E00A2DE36 /* SavedTableViewCell.swift */ = {isa = PBXFileReference; lastKnownFileType = sourcecode.swift; name = SavedTableViewCell.swift; path = SeekersBH/views/SavedTableViewCell.swift; sourceTree = SOURCE_ROOT; };
		942060632D10509900A2DE36 /* CourseTableViewCell.swift */ = {isa = PBXFileReference; lastKnownFileType = sourcecode.swift; path = CourseTableViewCell.swift; sourceTree = SOURCE_ROOT; };
		942060652D1050A600A2DE36 /* CourseViewController.swift */ = {isa = PBXFileReference; lastKnownFileType = sourcecode.swift; path = CourseViewController.swift; sourceTree = "<group>"; };
		942060672D1050B900A2DE36 /* CourseDetailsViewController.swift */ = {isa = PBXFileReference; lastKnownFileType = sourcecode.swift; path = CourseDetailsViewController.swift; sourceTree = "<group>"; };
		942060692D10516000A2DE36 /* OnlineCourses.swift */ = {isa = PBXFileReference; lastKnownFileType = sourcecode.swift; path = OnlineCourses.swift; sourceTree = "<group>"; };
		9420606B2D1073EC00A2DE36 /* CourseContentViewController.swift */ = {isa = PBXFileReference; lastKnownFileType = sourcecode.swift; path = CourseContentViewController.swift; sourceTree = "<group>"; };
		9420606D2D1074D400A2DE36 /* CourseContentTableViewCell.swift */ = {isa = PBXFileReference; lastKnownFileType = sourcecode.swift; path = CourseContentTableViewCell.swift; sourceTree = SOURCE_ROOT; };
		9420606F2D10828700A2DE36 /* CourseReviewTableViewCell.swift */ = {isa = PBXFileReference; lastKnownFileType = sourcecode.swift; path = CourseReviewTableViewCell.swift; sourceTree = SOURCE_ROOT; };
		942060712D1082AD00A2DE36 /* CourseReviewViewController.swift */ = {isa = PBXFileReference; lastKnownFileType = sourcecode.swift; path = CourseReviewViewController.swift; sourceTree = SOURCE_ROOT; };
		946297212D0AFD86005542AA /* ArticleDetailsViewController.swift */ = {isa = PBXFileReference; lastKnownFileType = sourcecode.swift; path = ArticleDetailsViewController.swift; sourceTree = SOURCE_ROOT; };
		946297232D0CA075005542AA /* WebinarsViewController.swift */ = {isa = PBXFileReference; lastKnownFileType = sourcecode.swift; path = WebinarsViewController.swift; sourceTree = SOURCE_ROOT; };
		946297252D0CA226005542AA /* WebinarsTableViewCell.swift */ = {isa = PBXFileReference; lastKnownFileType = sourcecode.swift; path = WebinarsTableViewCell.swift; sourceTree = SOURCE_ROOT; };
		946297272D0CB25F005542AA /* WebinarDetailsViewController.swift */ = {isa = PBXFileReference; lastKnownFileType = sourcecode.swift; path = WebinarDetailsViewController.swift; sourceTree = SOURCE_ROOT; };
		947B8FDA2D10B69D004463EF /* CourseQuizViewController.swift */ = {isa = PBXFileReference; lastKnownFileType = sourcecode.swift; path = CourseQuizViewController.swift; sourceTree = SOURCE_ROOT; };
		947B8FDC2D10B6BB004463EF /* CourseQuizTableViewCell.swift */ = {isa = PBXFileReference; lastKnownFileType = sourcecode.swift; path = CourseQuizTableViewCell.swift; sourceTree = "<group>"; };
		947B8FE52D11CA5B004463EF /* FirebaseManager.swift */ = {isa = PBXFileReference; lastKnownFileType = sourcecode.swift; path = FirebaseManager.swift; sourceTree = SOURCE_ROOT; };
		947B8FEA2D12360B004463EF /* ResourceManager.swift */ = {isa = PBXFileReference; lastKnownFileType = sourcecode.swift; path = ResourceManager.swift; sourceTree = "<group>"; };
		947B8FEC2D1C682B004463EF /* AccessManager.swift */ = {isa = PBXFileReference; lastKnownFileType = sourcecode.swift; path = AccessManager.swift; sourceTree = "<group>"; };
		94CADAA92D08ADD700F8B3AC /* growthHubViewController.swift */ = {isa = PBXFileReference; lastKnownFileType = sourcecode.swift; name = growthHubViewController.swift; path = SeekersBH/views/growthHubViewController.swift; sourceTree = SOURCE_ROOT; };
		94CADAAD2D08B96000F8B3AC /* ArticlesTableViewCell.swift */ = {isa = PBXFileReference; lastKnownFileType = sourcecode.swift; path = ArticlesTableViewCell.swift; sourceTree = SOURCE_ROOT; };
		94CEF57F2D1D726D00D1436E /* VideoPlayerViewController.swift */ = {isa = PBXFileReference; lastKnownFileType = sourcecode.swift; name = VideoPlayerViewController.swift; path = SeekersBH/models/VideoPlayerViewController.swift; sourceTree = SOURCE_ROOT; };
		94E2D2762D076FB500614521 /* Resource.swift */ = {isa = PBXFileReference; lastKnownFileType = sourcecode.swift; path = Resource.swift; sourceTree = "<group>"; };
		94E2D2782D07925000614521 /* ArticlesViewController.swift */ = {isa = PBXFileReference; lastKnownFileType = sourcecode.swift; path = ArticlesViewController.swift; sourceTree = "<group>"; };
		AC2776E52D0AF25B0019677C /* addJobView3ViewController.swift */ = {isa = PBXFileReference; lastKnownFileType = sourcecode.swift; path = addJobView3ViewController.swift; sourceTree = "<group>"; };
		AC2776E72D0AF55F0019677C /* testViewController.swift */ = {isa = PBXFileReference; lastKnownFileType = sourcecode.swift; path = testViewController.swift; sourceTree = "<group>"; };
		AC2776E92D0B02E10019677C /* AddJobView4ViewController.swift */ = {isa = PBXFileReference; lastKnownFileType = sourcecode.swift; path = AddJobView4ViewController.swift; sourceTree = "<group>"; };
		AC2776EB2D0B05360019677C /* addJobView2ViewController.swift */ = {isa = PBXFileReference; lastKnownFileType = sourcecode.swift; path = addJobView2ViewController.swift; sourceTree = "<group>"; };
		AC8BA8FC2D0F430800EE7A2C /* jobCellTableViewCell.swift */ = {isa = PBXFileReference; lastKnownFileType = sourcecode.swift; path = jobCellTableViewCell.swift; sourceTree = "<group>"; };
		C311B0D22D06FDF00071CF9B /* EmployerDashboardViewController.swift */ = {isa = PBXFileReference; lastKnownFileType = sourcecode.swift; path = EmployerDashboardViewController.swift; sourceTree = "<group>"; };
		C311B0D42D0707D30071CF9B /* ViewJobApplicationViewController.swift */ = {isa = PBXFileReference; lastKnownFileType = sourcecode.swift; path = ViewJobApplicationViewController.swift; sourceTree = "<group>"; };
		D153BE3C2CF47AC900A81FFC /* SeekersBH.app */ = {isa = PBXFileReference; explicitFileType = wrapper.application; includeInIndex = 0; path = SeekersBH.app; sourceTree = BUILT_PRODUCTS_DIR; };
		D153BE3F2CF47AC900A81FFC /* AppDelegate.swift */ = {isa = PBXFileReference; lastKnownFileType = sourcecode.swift; path = AppDelegate.swift; sourceTree = "<group>"; };
		D153BE412CF47AC900A81FFC /* SceneDelegate.swift */ = {isa = PBXFileReference; lastKnownFileType = sourcecode.swift; path = SceneDelegate.swift; sourceTree = "<group>"; };
		D153BE432CF47AC900A81FFC /* ViewController.swift */ = {isa = PBXFileReference; lastKnownFileType = sourcecode.swift; path = ViewController.swift; sourceTree = "<group>"; };
		D153BE462CF47AC900A81FFC /* Base */ = {isa = PBXFileReference; lastKnownFileType = file.storyboard; name = Base; path = Base.lproj/Main.storyboard; sourceTree = "<group>"; };
		D153BE482CF47ACC00A81FFC /* Assets.xcassets */ = {isa = PBXFileReference; lastKnownFileType = folder.assetcatalog; path = Assets.xcassets; sourceTree = "<group>"; };
		D153BE4B2CF47ACC00A81FFC /* Base */ = {isa = PBXFileReference; lastKnownFileType = file.storyboard; name = Base; path = Base.lproj/LaunchScreen.storyboard; sourceTree = "<group>"; };
		D153BE4D2CF47ACC00A81FFC /* Info.plist */ = {isa = PBXFileReference; lastKnownFileType = text.plist.xml; path = Info.plist; sourceTree = "<group>"; };
		D153BE522CF47ACC00A81FFC /* SeekersBHTests.xctest */ = {isa = PBXFileReference; explicitFileType = wrapper.cfbundle; includeInIndex = 0; path = SeekersBHTests.xctest; sourceTree = BUILT_PRODUCTS_DIR; };
		D153BE562CF47ACC00A81FFC /* SeekersBHTests.swift */ = {isa = PBXFileReference; lastKnownFileType = sourcecode.swift; path = SeekersBHTests.swift; sourceTree = "<group>"; };
		D153BE5C2CF47ACC00A81FFC /* SeekersBHUITests.xctest */ = {isa = PBXFileReference; explicitFileType = wrapper.cfbundle; includeInIndex = 0; path = SeekersBHUITests.xctest; sourceTree = BUILT_PRODUCTS_DIR; };
		D153BE602CF47ACC00A81FFC /* SeekersBHUITests.swift */ = {isa = PBXFileReference; lastKnownFileType = sourcecode.swift; path = SeekersBHUITests.swift; sourceTree = "<group>"; };
		D153BE622CF47ACC00A81FFC /* SeekersBHUITestsLaunchTests.swift */ = {isa = PBXFileReference; lastKnownFileType = sourcecode.swift; path = SeekersBHUITestsLaunchTests.swift; sourceTree = "<group>"; };
		D153BE6F2CF47E8400A81FFC /* testTableViewController.swift */ = {isa = PBXFileReference; lastKnownFileType = sourcecode.swift; path = testTableViewController.swift; sourceTree = "<group>"; };
		D184E3E32CF86C6700D896D6 /* ruqaya.storyboard */ = {isa = PBXFileReference; lastKnownFileType = file.storyboard; path = ruqaya.storyboard; sourceTree = "<group>"; };
		D184E3E52CF86C7500D896D6 /* marwa.storyboard */ = {isa = PBXFileReference; lastKnownFileType = file.storyboard; path = marwa.storyboard; sourceTree = "<group>"; };
		D184E3E72CF86C7F00D896D6 /* qasim.storyboard */ = {isa = PBXFileReference; lastKnownFileType = file.storyboard; path = qasim.storyboard; sourceTree = "<group>"; };
		D184E3E92CF86C8900D896D6 /* duha.storyboard */ = {isa = PBXFileReference; lastKnownFileType = file.storyboard; path = duha.storyboard; sourceTree = "<group>"; };
		D184E3EB2CF86C9400D896D6 /* zainab.storyboard */ = {isa = PBXFileReference; lastKnownFileType = file.storyboard; path = zainab.storyboard; sourceTree = "<group>"; };
		D184E3ED2CF86C9C00D896D6 /* reem.storyboard */ = {isa = PBXFileReference; lastKnownFileType = file.storyboard; path = reem.storyboard; sourceTree = "<group>"; };
		D184E3F02CF86CF400D896D6 /* user.swift */ = {isa = PBXFileReference; lastKnownFileType = sourcecode.swift; path = user.swift; sourceTree = "<group>"; };
		D184E3FC2CF8769000D896D6 /* GoogleService-Info.plist */ = {isa = PBXFileReference; fileEncoding = 4; lastKnownFileType = text.plist.xml; path = "GoogleService-Info.plist"; sourceTree = "<group>"; };
		D184E3FE2CF8785A00D896D6 /* Job.swift */ = {isa = PBXFileReference; lastKnownFileType = sourcecode.swift; path = Job.swift; sourceTree = "<group>"; };
		D184E4002CF87A5600D896D6 /* CV.swift */ = {isa = PBXFileReference; lastKnownFileType = sourcecode.swift; path = CV.swift; sourceTree = "<group>"; };
		D184E4022CF87E5500D896D6 /* JobApplication.swift */ = {isa = PBXFileReference; lastKnownFileType = sourcecode.swift; path = JobApplication.swift; sourceTree = "<group>"; };
		D4070DAF2D0F11C700E517FE /* NewJobRecommendationTableViewCell.swift */ = {isa = PBXFileReference; lastKnownFileType = sourcecode.swift; path = NewJobRecommendationTableViewCell.swift; sourceTree = "<group>"; };
		D4070DB12D0F144600E517FE /* NewJobRecommendationViewController.swift */ = {isa = PBXFileReference; lastKnownFileType = sourcecode.swift; path = NewJobRecommendationViewController.swift; sourceTree = "<group>"; };
		D4070DB32D0F200600E517FE /* NewJobDetailViewController.swift */ = {isa = PBXFileReference; lastKnownFileType = sourcecode.swift; path = NewJobDetailViewController.swift; sourceTree = "<group>"; };
		D4070DB52D0F206B00E517FE /* NewJobDetailTableViewController.swift */ = {isa = PBXFileReference; lastKnownFileType = sourcecode.swift; path = NewJobDetailTableViewController.swift; sourceTree = "<group>"; };
		D4070DB72D10768C00E517FE /* ApplyPageViewController.swift */ = {isa = PBXFileReference; lastKnownFileType = sourcecode.swift; path = ApplyPageViewController.swift; sourceTree = "<group>"; };
		D4070DBB2D107AA100E517FE /* NewApplyPageFormTableViewController.swift */ = {isa = PBXFileReference; lastKnownFileType = sourcecode.swift; path = NewApplyPageFormTableViewController.swift; sourceTree = "<group>"; };
		D41DE5E72D1C427900706104 /* CVSelectionJobApplicationViewController.swift */ = {isa = PBXFileReference; lastKnownFileType = sourcecode.swift; path = CVSelectionJobApplicationViewController.swift; sourceTree = "<group>"; };
		D41DE5E92D1C433500706104 /* CVSelectionApplicationsTableViewController.swift */ = {isa = PBXFileReference; lastKnownFileType = sourcecode.swift; path = CVSelectionApplicationsTableViewController.swift; sourceTree = "<group>"; };
		D45526BB2D09ED2A00149AA9 /* JobTableViewCell.swift */ = {isa = PBXFileReference; lastKnownFileType = sourcecode.swift; path = JobTableViewCell.swift; sourceTree = "<group>"; };
		E66556772D1BFADA0010E968 /* JobDetailsViewController.swift */ = {isa = PBXFileReference; lastKnownFileType = sourcecode.swift; name = JobDetailsViewController.swift; path = SeekersBH/views/JobDetailsViewController.swift; sourceTree = SOURCE_ROOT; };
		E66556792D1BFB320010E968 /* JobDetailsTableViewCell.swift */ = {isa = PBXFileReference; lastKnownFileType = sourcecode.swift; name = JobDetailsTableViewCell.swift; path = SeekersBH/views/JobDetailsTableViewCell.swift; sourceTree = SOURCE_ROOT; };
		E665567B2D1C305E0010E968 /* viewApplicantsViewController.swift */ = {isa = PBXFileReference; lastKnownFileType = sourcecode.swift; name = viewApplicantsViewController.swift; path = SeekersBH/views/viewApplicantsViewController.swift; sourceTree = SOURCE_ROOT; };
		E665567D2D1C30C80010E968 /* applicantCellTableViewCell.swift */ = {isa = PBXFileReference; lastKnownFileType = sourcecode.swift; name = applicantCellTableViewCell.swift; path = SeekersBH/views/applicantCellTableViewCell.swift; sourceTree = SOURCE_ROOT; };
/* End PBXFileReference section */

/* Begin PBXFrameworksBuildPhase section */
		D153BE392CF47AC900A81FFC /* Frameworks */ = {
			isa = PBXFrameworksBuildPhase;
			buildActionMask = 2147483647;
			files = (
				947B8FE22D11B4C0004463EF /* FirebaseAnalytics in Frameworks */,
				947B8FE42D11B559004463EF /* FirebaseFirestore in Frameworks */,
				895C0AAB2D17354800E7283B /* Cloudinary in Frameworks */,
			);
			runOnlyForDeploymentPostprocessing = 0;
		};
/* End PBXFrameworksBuildPhase section */

/* Begin PBXGroup section */
		895C0AAC2D1735C900E7283B /* Cloudinary */ = {
			isa = PBXGroup;
			children = (
				895C0AAD2D1735D500E7283B /* CloudinaryManager.swift */,
			);
			path = Cloudinary;
			sourceTree = "<group>";
		};
		947B8FE92D123571004463EF /* Firestore */ = {
			isa = PBXGroup;
			children = (
				947B8FE52D11CA5B004463EF /* FirebaseManager.swift */,
				891235AF2D1E586F008B6A3E /* UserManger.swift */,
				89FEE3AE2D1F034B007F321D /* AdminResourseManger.swift */,
				947B8FEA2D12360B004463EF /* ResourceManager.swift */,
			);
			path = Firestore;
			sourceTree = "<group>";
		};
		D153BE332CF47AC900A81FFC = {
			isa = PBXGroup;
			children = (
				D153BE3E2CF47AC900A81FFC /* SeekersBH */,
				D153BE552CF47ACC00A81FFC /* SeekersBHTests */,
				D153BE5F2CF47ACC00A81FFC /* SeekersBHUITests */,
				D153BE3D2CF47AC900A81FFC /* Products */,
			);
			sourceTree = "<group>";
		};
		D153BE3D2CF47AC900A81FFC /* Products */ = {
			isa = PBXGroup;
			children = (
				D153BE3C2CF47AC900A81FFC /* SeekersBH.app */,
				D153BE522CF47ACC00A81FFC /* SeekersBHTests.xctest */,
				D153BE5C2CF47ACC00A81FFC /* SeekersBHUITests.xctest */,
			);
			name = Products;
			sourceTree = "<group>";
		};
		D153BE3E2CF47AC900A81FFC /* SeekersBH */ = {
			isa = PBXGroup;
			children = (
				895C0AAC2D1735C900E7283B /* Cloudinary */,
				947B8FE92D123571004463EF /* Firestore */,
				D184E3F32CF86D6600D896D6 /* controllers */,
				D184E3F22CF86D4800D896D6 /* views */,
				D184E3EF2CF86CD500D896D6 /* models */,
				D153BE3F2CF47AC900A81FFC /* AppDelegate.swift */,
				D153BE412CF47AC900A81FFC /* SceneDelegate.swift */,
				947B8FEC2D1C682B004463EF /* AccessManager.swift */,
				D153BE452CF47AC900A81FFC /* Main.storyboard */,
				D184E3FC2CF8769000D896D6 /* GoogleService-Info.plist */,
				D153BE6F2CF47E8400A81FFC /* testTableViewController.swift */,
				D153BE482CF47ACC00A81FFC /* Assets.xcassets */,
				D153BE4A2CF47ACC00A81FFC /* LaunchScreen.storyboard */,
				D153BE4D2CF47ACC00A81FFC /* Info.plist */,
			);
			path = SeekersBH;
			sourceTree = "<group>";
		};
		D153BE552CF47ACC00A81FFC /* SeekersBHTests */ = {
			isa = PBXGroup;
			children = (
				D153BE562CF47ACC00A81FFC /* SeekersBHTests.swift */,
			);
			path = SeekersBHTests;
			sourceTree = "<group>";
		};
		D153BE5F2CF47ACC00A81FFC /* SeekersBHUITests */ = {
			isa = PBXGroup;
			children = (
				D153BE602CF47ACC00A81FFC /* SeekersBHUITests.swift */,
				D153BE622CF47ACC00A81FFC /* SeekersBHUITestsLaunchTests.swift */,
			);
			path = SeekersBHUITests;
			sourceTree = "<group>";
		};
		D184E3EF2CF86CD500D896D6 /* models */ = {
			isa = PBXGroup;
			children = (
				D184E3F02CF86CF400D896D6 /* user.swift */,
				D184E4022CF87E5500D896D6 /* JobApplication.swift */,
				94E2D2762D076FB500614521 /* Resource.swift */,
				942060692D10516000A2DE36 /* OnlineCourses.swift */,
				D184E4002CF87A5600D896D6 /* CV.swift */,
				D184E3FE2CF8785A00D896D6 /* Job.swift */,
			);
			path = models;
			sourceTree = "<group>";
		};
		D184E3F22CF86D4800D896D6 /* views */ = {
			isa = PBXGroup;
			children = (
				D184E3E92CF86C8900D896D6 /* duha.storyboard */,
				D184E3E72CF86C7F00D896D6 /* qasim.storyboard */,
				D184E3E32CF86C6700D896D6 /* ruqaya.storyboard */,
				D184E3ED2CF86C9C00D896D6 /* reem.storyboard */,
				D184E3EB2CF86C9400D896D6 /* zainab.storyboard */,
				D184E3E52CF86C7500D896D6 /* marwa.storyboard */,
			);
			path = views;
			sourceTree = "<group>";
		};
		D184E3F32CF86D6600D896D6 /* controllers */ = {
			isa = PBXGroup;
			children = (
				94CEF57F2D1D726D00D1436E /* VideoPlayerViewController.swift */,
				E665567D2D1C30C80010E968 /* applicantCellTableViewCell.swift */,
				E665567B2D1C305E0010E968 /* viewApplicantsViewController.swift */,
				E66556792D1BFB320010E968 /* JobDetailsTableViewCell.swift */,
				E66556772D1BFADA0010E968 /* JobDetailsViewController.swift */,
				947B8FDA2D10B69D004463EF /* CourseQuizViewController.swift */,
				947B8FDC2D10B6BB004463EF /* CourseQuizTableViewCell.swift */,
				942060712D1082AD00A2DE36 /* CourseReviewViewController.swift */,
				9420606F2D10828700A2DE36 /* CourseReviewTableViewCell.swift */,
				9420606D2D1074D400A2DE36 /* CourseContentTableViewCell.swift */,
				942060632D10509900A2DE36 /* CourseTableViewCell.swift */,
				942060652D1050A600A2DE36 /* CourseViewController.swift */,
				942060672D1050B900A2DE36 /* CourseDetailsViewController.swift */,
				9420606B2D1073EC00A2DE36 /* CourseContentViewController.swift */,
				9420605F2D0DAB0E00A2DE36 /* SavedTableViewCell.swift */,
				9420605D2D0DAA7600A2DE36 /* SavedViewController.swift */,
				942060572D0CCDE800A2DE36 /* VideosViewController.swift */,
				942060592D0CCE0100A2DE36 /* VideosTableViewCell.swift */,
				9420605B2D0CCE1900A2DE36 /* VideoDetailsViewController.swift */,
				946297272D0CB25F005542AA /* WebinarDetailsViewController.swift */,
				946297252D0CA226005542AA /* WebinarsTableViewCell.swift */,
				946297232D0CA075005542AA /* WebinarsViewController.swift */,
				946297212D0AFD86005542AA /* ArticleDetailsViewController.swift */,
				94CADAAD2D08B96000F8B3AC /* ArticlesTableViewCell.swift */,
				94CADAA92D08ADD700F8B3AC /* growthHubViewController.swift */,
				D153BE432CF47AC900A81FFC /* ViewController.swift */,
				C311B0D22D06FDF00071CF9B /* EmployerDashboardViewController.swift */,
				94E2D2782D07925000614521 /* ArticlesViewController.swift */,
				C311B0D42D0707D30071CF9B /* ViewJobApplicationViewController.swift */,
				AC8BA8FC2D0F430800EE7A2C /* jobCellTableViewCell.swift */,
				AC2776E72D0AF55F0019677C /* testViewController.swift */,
				D45526BB2D09ED2A00149AA9 /* JobTableViewCell.swift */,
				AC2776E52D0AF25B0019677C /* addJobView3ViewController.swift */,
				AC2776EB2D0B05360019677C /* addJobView2ViewController.swift */,
				AC2776E92D0B02E10019677C /* AddJobView4ViewController.swift */,
				D4070DAF2D0F11C700E517FE /* NewJobRecommendationTableViewCell.swift */,
				D4070DB12D0F144600E517FE /* NewJobRecommendationViewController.swift */,
				D4070DB32D0F200600E517FE /* NewJobDetailViewController.swift */,
				D4070DB52D0F206B00E517FE /* NewJobDetailTableViewController.swift */,
				D4070DB72D10768C00E517FE /* ApplyPageViewController.swift */,
				D4070DBB2D107AA100E517FE /* NewApplyPageFormTableViewController.swift */,
				893E0F542D1DC263004CB6C3 /* ManageJobsViewController.swift */,
				437286D12D11DF64000D3518 /* CreateCVNavigationController.swift */,
				66E035042D143B050050E168 /* generalInformationCollectionViewCell.swift */,
				8983F99F2D147DF400DE32B5 /* AddEmployerViewController.swift */,
				8983F9A12D15D1C200DE32B5 /* AddArticleViewController.swift */,
				435039EF2D132D02006F7794 /* CreateCVViewController.swift */,
				435039F12D14161C006F7794 /* AboutMeViewController.swift */,
				435039F32D1417C5006F7794 /* EducationCVViewController.swift */,
				435039F72D141F54006F7794 /* CertificationCVViewController.swift */,
				435039F52D141C08006F7794 /* SkillCVViewController.swift */,
				435039F92D142285006F7794 /* ProjectsCVViewController.swift */,
				435039FB2D142811006F7794 /* CVManager.swift */,
				43B1C5322D1585BF0046F96C /* AllCVViewController.swift */,
				43B1C5342D15EFA20046F96C /* CVTableViewCell.swift */,
				43B1C5362D17326E0046F96C /* CVDetailsViewController.swift */,
				D41DE5E72D1C427900706104 /* CVSelectionJobApplicationViewController.swift */,
				D41DE5E92D1C433500706104 /* CVSelectionApplicationsTableViewController.swift */,
				89ACEE282D1B98F4008D5F57 /* AddWebinarsViewController.swift */,
				893E0F4A2D1D7955004CB6C3 /* MangeWebinarsTableViewCell.swift */,
				893E0F4C2D1D7998004CB6C3 /* MangeWebinarsViewController.swift */,
				89ACEE2A2D1BC799008D5F57 /* AddVideoViewController.swift */,
				89BB590E2D1CC076000FE481 /* MangeArticlesViewController.swift */,
				89BB59102D1CD711000FE481 /* ManageArticlesTableViewCell.swift */,
				893E0F582D1DCCC4004CB6C3 /* AdminJobCell.swift */,
				893E0F4E2D1DA202004CB6C3 /* MangeVideosViewController.swift */,
				891235AB2D1E568D008B6A3E /* UserMangeCell.swift */,
				893E0F502D1DA2A6004CB6C3 /* MangeVideosTableViewCell.swift */,
				891235A72D1E5349008B6A3E /* UserMangeViewController.swift */,
			);
			path = controllers;
			sourceTree = "<group>";
		};
/* End PBXGroup section */

/* Begin PBXNativeTarget section */
		D153BE3B2CF47AC900A81FFC /* SeekersBH */ = {
			isa = PBXNativeTarget;
			buildConfigurationList = D153BE662CF47ACC00A81FFC /* Build configuration list for PBXNativeTarget "SeekersBH" */;
			buildPhases = (
				D153BE382CF47AC900A81FFC /* Sources */,
				D153BE392CF47AC900A81FFC /* Frameworks */,
				D153BE3A2CF47AC900A81FFC /* Resources */,
			);
			buildRules = (
			);
			dependencies = (
			);
			name = SeekersBH;
			packageProductDependencies = (
				947B8FE12D11B4C0004463EF /* FirebaseAnalytics */,
				947B8FE32D11B559004463EF /* FirebaseFirestore */,
				895C0AAA2D17354800E7283B /* Cloudinary */,
			);
			productName = SeekersBH;
			productReference = D153BE3C2CF47AC900A81FFC /* SeekersBH.app */;
			productType = "com.apple.product-type.application";
		};
		D153BE512CF47ACC00A81FFC /* SeekersBHTests */ = {
			isa = PBXNativeTarget;
			buildConfigurationList = D153BE692CF47ACC00A81FFC /* Build configuration list for PBXNativeTarget "SeekersBHTests" */;
			buildPhases = (
				D153BE4E2CF47ACC00A81FFC /* Sources */,
				D153BE502CF47ACC00A81FFC /* Resources */,
			);
			buildRules = (
			);
			dependencies = (
				D153BE542CF47ACC00A81FFC /* PBXTargetDependency */,
			);
			name = SeekersBHTests;
			productName = SeekersBHTests;
			productReference = D153BE522CF47ACC00A81FFC /* SeekersBHTests.xctest */;
			productType = "com.apple.product-type.bundle.unit-test";
		};
		D153BE5B2CF47ACC00A81FFC /* SeekersBHUITests */ = {
			isa = PBXNativeTarget;
			buildConfigurationList = D153BE6C2CF47ACC00A81FFC /* Build configuration list for PBXNativeTarget "SeekersBHUITests" */;
			buildPhases = (
				D153BE582CF47ACC00A81FFC /* Sources */,
				D153BE5A2CF47ACC00A81FFC /* Resources */,
			);
			buildRules = (
			);
			dependencies = (
				D153BE5E2CF47ACC00A81FFC /* PBXTargetDependency */,
			);
			name = SeekersBHUITests;
			productName = SeekersBHUITests;
			productReference = D153BE5C2CF47ACC00A81FFC /* SeekersBHUITests.xctest */;
			productType = "com.apple.product-type.bundle.ui-testing";
		};
/* End PBXNativeTarget section */

/* Begin PBXProject section */
		D153BE342CF47AC900A81FFC /* Project object */ = {
			isa = PBXProject;
			attributes = {
				BuildIndependentTargetsInParallel = 1;
				LastSwiftUpdateCheck = 1520;
				LastUpgradeCheck = 1610;
				TargetAttributes = {
					D153BE3B2CF47AC900A81FFC = {
						CreatedOnToolsVersion = 15.2;
						LastSwiftMigration = 1610;
					};
					D153BE512CF47ACC00A81FFC = {
						CreatedOnToolsVersion = 15.2;
						TestTargetID = D153BE3B2CF47AC900A81FFC;
					};
					D153BE5B2CF47ACC00A81FFC = {
						CreatedOnToolsVersion = 15.2;
						TestTargetID = D153BE3B2CF47AC900A81FFC;
					};
				};
			};
			buildConfigurationList = D153BE372CF47AC900A81FFC /* Build configuration list for PBXProject "SeekersBH" */;
			compatibilityVersion = "Xcode 15.0";
			developmentRegion = en;
			hasScannedForEncodings = 0;
			knownRegions = (
				en,
				Base,
			);
			mainGroup = D153BE332CF47AC900A81FFC;
			packageReferences = (
				947B8FE02D11B4BF004463EF /* XCRemoteSwiftPackageReference "firebase-ios-sdk" */,
				895C0AA92D17354800E7283B /* XCRemoteSwiftPackageReference "cloudinary_ios" */,
			);
			productRefGroup = D153BE3D2CF47AC900A81FFC /* Products */;
			projectDirPath = "";
			projectRoot = "";
			targets = (
				D153BE3B2CF47AC900A81FFC /* SeekersBH */,
				D153BE512CF47ACC00A81FFC /* SeekersBHTests */,
				D153BE5B2CF47ACC00A81FFC /* SeekersBHUITests */,
			);
		};
/* End PBXProject section */

/* Begin PBXResourcesBuildPhase section */
		D153BE3A2CF47AC900A81FFC /* Resources */ = {
			isa = PBXResourcesBuildPhase;
			buildActionMask = 2147483647;
			files = (
				D184E3EA2CF86C8900D896D6 /* duha.storyboard in Resources */,
				D184E3E62CF86C7500D896D6 /* marwa.storyboard in Resources */,
				D153BE4C2CF47ACC00A81FFC /* LaunchScreen.storyboard in Resources */,
				D184E3E82CF86C7F00D896D6 /* qasim.storyboard in Resources */,
				D153BE492CF47ACC00A81FFC /* Assets.xcassets in Resources */,
				D184E3EC2CF86C9400D896D6 /* zainab.storyboard in Resources */,
				D153BE472CF47AC900A81FFC /* Main.storyboard in Resources */,
				D184E3FD2CF8769000D896D6 /* GoogleService-Info.plist in Resources */,
				D184E3E42CF86C6700D896D6 /* ruqaya.storyboard in Resources */,
				D184E3EE2CF86C9C00D896D6 /* reem.storyboard in Resources */,
			);
			runOnlyForDeploymentPostprocessing = 0;
		};
		D153BE502CF47ACC00A81FFC /* Resources */ = {
			isa = PBXResourcesBuildPhase;
			buildActionMask = 2147483647;
			files = (
			);
			runOnlyForDeploymentPostprocessing = 0;
		};
		D153BE5A2CF47ACC00A81FFC /* Resources */ = {
			isa = PBXResourcesBuildPhase;
			buildActionMask = 2147483647;
			files = (
			);
			runOnlyForDeploymentPostprocessing = 0;
		};
/* End PBXResourcesBuildPhase section */

/* Begin PBXSourcesBuildPhase section */
		D153BE382CF47AC900A81FFC /* Sources */ = {
			isa = PBXSourcesBuildPhase;
			buildActionMask = 2147483647;
			files = (
				435039FC2D142811006F7794 /* CVManager.swift in Sources */,
				946297262D0CA226005542AA /* WebinarsTableViewCell.swift in Sources */,
				893E0F4D2D1D7998004CB6C3 /* MangeWebinarsViewController.swift in Sources */,
				947B8FED2D1C682B004463EF /* AccessManager.swift in Sources */,
				947B8FDD2D10B6BB004463EF /* CourseQuizTableViewCell.swift in Sources */,
				43B1C5352D15EFA20046F96C /* CVTableViewCell.swift in Sources */,
				AC2776EC2D0B05360019677C /* addJobView2ViewController.swift in Sources */,
				94CADAAE2D08B96000F8B3AC /* ArticlesTableViewCell.swift in Sources */,
				C311B0D52D0707D30071CF9B /* ViewJobApplicationViewController.swift in Sources */,
				94CADAAA2D08ADD700F8B3AC /* growthHubViewController.swift in Sources */,
				94E2D2792D07925000614521 /* ArticlesViewController.swift in Sources */,
				9420605A2D0CCE0100A2DE36 /* VideosTableViewCell.swift in Sources */,
				D184E3F12CF86CF400D896D6 /* user.swift in Sources */,
				89ACEE292D1B98F4008D5F57 /* AddWebinarsViewController.swift in Sources */,
				89ACEE2B2D1BC799008D5F57 /* AddVideoViewController.swift in Sources */,
				435039F62D141C08006F7794 /* SkillCVViewController.swift in Sources */,
				942060582D0CCDE800A2DE36 /* VideosViewController.swift in Sources */,
				893E0F512D1DA2A6004CB6C3 /* MangeVideosTableViewCell.swift in Sources */,
				942060582D0CCDE800A2DE36 /* VideosViewController.swift in Sources */,
				D184E4012CF87A5600D896D6 /* CV.swift in Sources */,
				946297282D0CB25F005542AA /* WebinarDetailsViewController.swift in Sources */,
				AC8BA8FD2D0F430800EE7A2C /* jobCellTableViewCell.swift in Sources */,
				D184E3FF2CF8785A00D896D6 /* Job.swift in Sources */,
				D153BE442CF47AC900A81FFC /* ViewController.swift in Sources */,
				E665567E2D1C30C80010E968 /* applicantCellTableViewCell.swift in Sources */,
				435039F82D141F54006F7794 /* CertificationCVViewController.swift in Sources */,
				435039F42D1417C5006F7794 /* EducationCVViewController.swift in Sources */,
				435039F22D14161C006F7794 /* AboutMeViewController.swift in Sources */,
				435039F02D132D02006F7794 /* CreateCVViewController.swift in Sources */,
				946297242D0CA075005542AA /* WebinarsViewController.swift in Sources */,
				AC2776E82D0AF55F0019677C /* testViewController.swift in Sources */,
				E66556782D1BFADA0010E968 /* JobDetailsViewController.swift in Sources */,
				942060662D1050A600A2DE36 /* CourseViewController.swift in Sources */,
				D41DE5E82D1C427900706104 /* CVSelectionJobApplicationViewController.swift in Sources */,
				9420606A2D10516000A2DE36 /* OnlineCourses.swift in Sources */,
				9420605E2D0DAA7600A2DE36 /* SavedViewController.swift in Sources */,
				E665567A2D1BFB320010E968 /* JobDetailsTableViewCell.swift in Sources */,
				AC2776E62D0AF25B0019677C /* addJobView3ViewController.swift in Sources */,
				94CEF5802D1D726D00D1436E /* VideoPlayerViewController.swift in Sources */,
				89FEE3AF2D1F034B007F321D /* AdminResourseManger.swift in Sources */,
				437286D22D11DF64000D3518 /* CreateCVNavigationController.swift in Sources */,
				893E0F4B2D1D7955004CB6C3 /* MangeWebinarsTableViewCell.swift in Sources */,
				94E2D2772D076FB500614521 /* Resource.swift in Sources */,
				D153BE402CF47AC900A81FFC /* AppDelegate.swift in Sources */,
				893E0F4F2D1DA202004CB6C3 /* MangeVideosViewController.swift in Sources */,
				89BB59112D1CD711000FE481 /* ManageArticlesTableViewCell.swift in Sources */,
				89BB590F2D1CC076000FE481 /* MangeArticlesViewController.swift in Sources */,
				8983F9A02D147DF400DE32B5 /* AddEmployerViewController.swift in Sources */,
				43B1C5332D1585BF0046F96C /* AllCVViewController.swift in Sources */,
				D4070DBC2D107AA100E517FE /* NewApplyPageFormTableViewController.swift in Sources */,
				9420606E2D1074D400A2DE36 /* CourseContentTableViewCell.swift in Sources */,
				66E035052D143B050050E168 /* generalInformationCollectionViewCell.swift in Sources */,
				891235A82D1E5349008B6A3E /* UserMangeViewController.swift in Sources */,
				946297222D0AFD86005542AA /* ArticleDetailsViewController.swift in Sources */,
				891235AC2D1E568D008B6A3E /* UserMangeCell.swift in Sources */,
				D4070DB82D10768C00E517FE /* ApplyPageViewController.swift in Sources */,
				AC2776EA2D0B02E10019677C /* AddJobView4ViewController.swift in Sources */,
				942060602D0DAB0E00A2DE36 /* SavedTableViewCell.swift in Sources */,
				947B8FDB2D10B69D004463EF /* CourseQuizViewController.swift in Sources */,
				D4070DB22D0F144600E517FE /* NewJobRecommendationViewController.swift in Sources */,
				D153BE422CF47AC900A81FFC /* SceneDelegate.swift in Sources */,
				D41DE5EA2D1C433500706104 /* CVSelectionApplicationsTableViewController.swift in Sources */,
				E665567C2D1C305E0010E968 /* viewApplicantsViewController.swift in Sources */,
				891235B02D1E586F008B6A3E /* UserManger.swift in Sources */,
				D184E4032CF87E5500D896D6 /* JobApplication.swift in Sources */,
				D4070DB02D0F11C700E517FE /* NewJobRecommendationTableViewCell.swift in Sources */,
				43B1C5372D17326E0046F96C /* CVDetailsViewController.swift in Sources */,
				9420605C2D0CCE1900A2DE36 /* VideoDetailsViewController.swift in Sources */,
				895C0AAE2D1735DA00E7283B /* CloudinaryManager.swift in Sources */,
				893E0F592D1DCCC4004CB6C3 /* AdminJobCell.swift in Sources */,
				942060702D10828700A2DE36 /* CourseReviewTableViewCell.swift in Sources */,
				9420605C2D0CCE1900A2DE36 /* VideoDetailsViewController.swift in Sources */,
				947B8FE62D11CA5B004463EF /* FirebaseManager.swift in Sources */,
				9420606C2D1073EC00A2DE36 /* CourseContentViewController.swift in Sources */,
				947B8FEB2D12360B004463EF /* ResourceManager.swift in Sources */,
				942060722D1082AD00A2DE36 /* CourseReviewViewController.swift in Sources */,
				D4070DB62D0F206B00E517FE /* NewJobDetailTableViewController.swift in Sources */,
				893E0F552D1DC263004CB6C3 /* ManageJobsViewController.swift in Sources */,
				8983F9A22D15D1C200DE32B5 /* AddArticleViewController.swift in Sources */,
				C311B0D32D06FDF00071CF9B /* EmployerDashboardViewController.swift in Sources */,
				435039FA2D142285006F7794 /* ProjectsCVViewController.swift in Sources */,
				D4070DB42D0F200600E517FE /* NewJobDetailViewController.swift in Sources */,
				D153BE702CF47E8400A81FFC /* testTableViewController.swift in Sources */,
				942060682D1050B900A2DE36 /* CourseDetailsViewController.swift in Sources */,
				D45526BC2D09ED2A00149AA9 /* JobTableViewCell.swift in Sources */,
				942060642D10509900A2DE36 /* CourseTableViewCell.swift in Sources */,
			);
			runOnlyForDeploymentPostprocessing = 0;
		};
		D153BE4E2CF47ACC00A81FFC /* Sources */ = {
			isa = PBXSourcesBuildPhase;
			buildActionMask = 2147483647;
			files = (
				D153BE572CF47ACC00A81FFC /* SeekersBHTests.swift in Sources */,
			);
			runOnlyForDeploymentPostprocessing = 0;
		};
		D153BE582CF47ACC00A81FFC /* Sources */ = {
			isa = PBXSourcesBuildPhase;
			buildActionMask = 2147483647;
			files = (
				D153BE612CF47ACC00A81FFC /* SeekersBHUITests.swift in Sources */,
				D153BE632CF47ACC00A81FFC /* SeekersBHUITestsLaunchTests.swift in Sources */,
			);
			runOnlyForDeploymentPostprocessing = 0;
		};
/* End PBXSourcesBuildPhase section */

/* Begin PBXTargetDependency section */
		D153BE542CF47ACC00A81FFC /* PBXTargetDependency */ = {
			isa = PBXTargetDependency;
			target = D153BE3B2CF47AC900A81FFC /* SeekersBH */;
			targetProxy = D153BE532CF47ACC00A81FFC /* PBXContainerItemProxy */;
		};
		D153BE5E2CF47ACC00A81FFC /* PBXTargetDependency */ = {
			isa = PBXTargetDependency;
			target = D153BE3B2CF47AC900A81FFC /* SeekersBH */;
			targetProxy = D153BE5D2CF47ACC00A81FFC /* PBXContainerItemProxy */;
		};
/* End PBXTargetDependency section */

/* Begin PBXVariantGroup section */
		D153BE452CF47AC900A81FFC /* Main.storyboard */ = {
			isa = PBXVariantGroup;
			children = (
				D153BE462CF47AC900A81FFC /* Base */,
			);
			name = Main.storyboard;
			sourceTree = "<group>";
		};
		D153BE4A2CF47ACC00A81FFC /* LaunchScreen.storyboard */ = {
			isa = PBXVariantGroup;
			children = (
				D153BE4B2CF47ACC00A81FFC /* Base */,
			);
			name = LaunchScreen.storyboard;
			sourceTree = "<group>";
		};
/* End PBXVariantGroup section */

/* Begin XCBuildConfiguration section */
		D153BE642CF47ACC00A81FFC /* Debug */ = {
			isa = XCBuildConfiguration;
			buildSettings = {
				ALWAYS_SEARCH_USER_PATHS = NO;
				ASSETCATALOG_COMPILER_GENERATE_SWIFT_ASSET_SYMBOL_EXTENSIONS = YES;
				CLANG_ANALYZER_NONNULL = YES;
				CLANG_ANALYZER_NUMBER_OBJECT_CONVERSION = YES_AGGRESSIVE;
				CLANG_CXX_LANGUAGE_STANDARD = "gnu++20";
				CLANG_ENABLE_MODULES = YES;
				CLANG_ENABLE_OBJC_ARC = YES;
				CLANG_ENABLE_OBJC_WEAK = YES;
				CLANG_WARN_BLOCK_CAPTURE_AUTORELEASING = YES;
				CLANG_WARN_BOOL_CONVERSION = YES;
				CLANG_WARN_COMMA = YES;
				CLANG_WARN_CONSTANT_CONVERSION = YES;
				CLANG_WARN_DEPRECATED_OBJC_IMPLEMENTATIONS = YES;
				CLANG_WARN_DIRECT_OBJC_ISA_USAGE = YES_ERROR;
				CLANG_WARN_DOCUMENTATION_COMMENTS = YES;
				CLANG_WARN_EMPTY_BODY = YES;
				CLANG_WARN_ENUM_CONVERSION = YES;
				CLANG_WARN_INFINITE_RECURSION = YES;
				CLANG_WARN_INT_CONVERSION = YES;
				CLANG_WARN_NON_LITERAL_NULL_CONVERSION = YES;
				CLANG_WARN_OBJC_IMPLICIT_RETAIN_SELF = YES;
				CLANG_WARN_OBJC_LITERAL_CONVERSION = YES;
				CLANG_WARN_OBJC_ROOT_CLASS = YES_ERROR;
				CLANG_WARN_QUOTED_INCLUDE_IN_FRAMEWORK_HEADER = YES;
				CLANG_WARN_RANGE_LOOP_ANALYSIS = YES;
				CLANG_WARN_STRICT_PROTOTYPES = YES;
				CLANG_WARN_SUSPICIOUS_MOVE = YES;
				CLANG_WARN_UNGUARDED_AVAILABILITY = YES_AGGRESSIVE;
				CLANG_WARN_UNREACHABLE_CODE = YES;
				CLANG_WARN__DUPLICATE_METHOD_MATCH = YES;
				COPY_PHASE_STRIP = NO;
				DEBUG_INFORMATION_FORMAT = dwarf;
				ENABLE_STRICT_OBJC_MSGSEND = YES;
				ENABLE_TESTABILITY = YES;
				ENABLE_USER_SCRIPT_SANDBOXING = YES;
				GCC_C_LANGUAGE_STANDARD = gnu17;
				GCC_DYNAMIC_NO_PIC = NO;
				GCC_NO_COMMON_BLOCKS = YES;
				GCC_OPTIMIZATION_LEVEL = 0;
				GCC_PREPROCESSOR_DEFINITIONS = (
					"DEBUG=1",
					"$(inherited)",
				);
				GCC_WARN_64_TO_32_BIT_CONVERSION = YES;
				GCC_WARN_ABOUT_RETURN_TYPE = YES_ERROR;
				GCC_WARN_UNDECLARED_SELECTOR = YES;
				GCC_WARN_UNINITIALIZED_AUTOS = YES_AGGRESSIVE;
				GCC_WARN_UNUSED_FUNCTION = YES;
				GCC_WARN_UNUSED_VARIABLE = YES;
				IPHONEOS_DEPLOYMENT_TARGET = 17.2;
				LOCALIZATION_PREFERS_STRING_CATALOGS = YES;
				MTL_ENABLE_DEBUG_INFO = INCLUDE_SOURCE;
				MTL_FAST_MATH = YES;
				ONLY_ACTIVE_ARCH = YES;
				SDKROOT = iphoneos;
				SWIFT_ACTIVE_COMPILATION_CONDITIONS = "DEBUG $(inherited)";
				SWIFT_OPTIMIZATION_LEVEL = "-Onone";
			};
			name = Debug;
		};
		D153BE652CF47ACC00A81FFC /* Release */ = {
			isa = XCBuildConfiguration;
			buildSettings = {
				ALWAYS_SEARCH_USER_PATHS = NO;
				ASSETCATALOG_COMPILER_GENERATE_SWIFT_ASSET_SYMBOL_EXTENSIONS = YES;
				CLANG_ANALYZER_NONNULL = YES;
				CLANG_ANALYZER_NUMBER_OBJECT_CONVERSION = YES_AGGRESSIVE;
				CLANG_CXX_LANGUAGE_STANDARD = "gnu++20";
				CLANG_ENABLE_MODULES = YES;
				CLANG_ENABLE_OBJC_ARC = YES;
				CLANG_ENABLE_OBJC_WEAK = YES;
				CLANG_WARN_BLOCK_CAPTURE_AUTORELEASING = YES;
				CLANG_WARN_BOOL_CONVERSION = YES;
				CLANG_WARN_COMMA = YES;
				CLANG_WARN_CONSTANT_CONVERSION = YES;
				CLANG_WARN_DEPRECATED_OBJC_IMPLEMENTATIONS = YES;
				CLANG_WARN_DIRECT_OBJC_ISA_USAGE = YES_ERROR;
				CLANG_WARN_DOCUMENTATION_COMMENTS = YES;
				CLANG_WARN_EMPTY_BODY = YES;
				CLANG_WARN_ENUM_CONVERSION = YES;
				CLANG_WARN_INFINITE_RECURSION = YES;
				CLANG_WARN_INT_CONVERSION = YES;
				CLANG_WARN_NON_LITERAL_NULL_CONVERSION = YES;
				CLANG_WARN_OBJC_IMPLICIT_RETAIN_SELF = YES;
				CLANG_WARN_OBJC_LITERAL_CONVERSION = YES;
				CLANG_WARN_OBJC_ROOT_CLASS = YES_ERROR;
				CLANG_WARN_QUOTED_INCLUDE_IN_FRAMEWORK_HEADER = YES;
				CLANG_WARN_RANGE_LOOP_ANALYSIS = YES;
				CLANG_WARN_STRICT_PROTOTYPES = YES;
				CLANG_WARN_SUSPICIOUS_MOVE = YES;
				CLANG_WARN_UNGUARDED_AVAILABILITY = YES_AGGRESSIVE;
				CLANG_WARN_UNREACHABLE_CODE = YES;
				CLANG_WARN__DUPLICATE_METHOD_MATCH = YES;
				COPY_PHASE_STRIP = NO;
				DEBUG_INFORMATION_FORMAT = "dwarf-with-dsym";
				ENABLE_NS_ASSERTIONS = NO;
				ENABLE_STRICT_OBJC_MSGSEND = YES;
				ENABLE_USER_SCRIPT_SANDBOXING = YES;
				GCC_C_LANGUAGE_STANDARD = gnu17;
				GCC_NO_COMMON_BLOCKS = YES;
				GCC_WARN_64_TO_32_BIT_CONVERSION = YES;
				GCC_WARN_ABOUT_RETURN_TYPE = YES_ERROR;
				GCC_WARN_UNDECLARED_SELECTOR = YES;
				GCC_WARN_UNINITIALIZED_AUTOS = YES_AGGRESSIVE;
				GCC_WARN_UNUSED_FUNCTION = YES;
				GCC_WARN_UNUSED_VARIABLE = YES;
				IPHONEOS_DEPLOYMENT_TARGET = 17.2;
				LOCALIZATION_PREFERS_STRING_CATALOGS = YES;
				MTL_ENABLE_DEBUG_INFO = NO;
				MTL_FAST_MATH = YES;
				SDKROOT = iphoneos;
				SWIFT_COMPILATION_MODE = wholemodule;
				VALIDATE_PRODUCT = YES;
			};
			name = Release;
		};
		D153BE672CF47ACC00A81FFC /* Debug */ = {
			isa = XCBuildConfiguration;
			buildSettings = {
				ASSETCATALOG_COMPILER_APPICON_NAME = AppIcon;
				ASSETCATALOG_COMPILER_GLOBAL_ACCENT_COLOR_NAME = AccentColor;
				CLANG_ENABLE_MODULES = YES;
				CODE_SIGN_STYLE = Automatic;
				CURRENT_PROJECT_VERSION = 1;
				GENERATE_INFOPLIST_FILE = YES;
				INFOPLIST_FILE = SeekersBH/Info.plist;
				INFOPLIST_KEY_UIApplicationSupportsIndirectInputEvents = YES;
				INFOPLIST_KEY_UILaunchStoryboardName = LaunchScreen;
				INFOPLIST_KEY_UIMainStoryboardFile = Main;
				INFOPLIST_KEY_UISupportedInterfaceOrientations_iPad = "UIInterfaceOrientationPortrait UIInterfaceOrientationPortraitUpsideDown UIInterfaceOrientationLandscapeLeft UIInterfaceOrientationLandscapeRight";
				INFOPLIST_KEY_UISupportedInterfaceOrientations_iPhone = "UIInterfaceOrientationPortrait UIInterfaceOrientationLandscapeLeft UIInterfaceOrientationLandscapeRight";
				IPHONEOS_DEPLOYMENT_TARGET = 17.2;
				LD_RUNPATH_SEARCH_PATHS = (
					"$(inherited)",
					"@executable_path/Frameworks",
				);
				MARKETING_VERSION = 1.0;
				PRODUCT_BUNDLE_IDENTIFIER = m.SeekersBH;
				PRODUCT_NAME = "$(TARGET_NAME)";
				SWIFT_EMIT_LOC_STRINGS = YES;
				SWIFT_OPTIMIZATION_LEVEL = "-Onone";
				SWIFT_VERSION = 5.0;
				TARGETED_DEVICE_FAMILY = "1,2";
			};
			name = Debug;
		};
		D153BE682CF47ACC00A81FFC /* Release */ = {
			isa = XCBuildConfiguration;
			buildSettings = {
				ASSETCATALOG_COMPILER_APPICON_NAME = AppIcon;
				ASSETCATALOG_COMPILER_GLOBAL_ACCENT_COLOR_NAME = AccentColor;
				CLANG_ENABLE_MODULES = YES;
				CODE_SIGN_STYLE = Automatic;
				CURRENT_PROJECT_VERSION = 1;
				GENERATE_INFOPLIST_FILE = YES;
				INFOPLIST_FILE = SeekersBH/Info.plist;
				INFOPLIST_KEY_UIApplicationSupportsIndirectInputEvents = YES;
				INFOPLIST_KEY_UILaunchStoryboardName = LaunchScreen;
				INFOPLIST_KEY_UIMainStoryboardFile = Main;
				INFOPLIST_KEY_UISupportedInterfaceOrientations_iPad = "UIInterfaceOrientationPortrait UIInterfaceOrientationPortraitUpsideDown UIInterfaceOrientationLandscapeLeft UIInterfaceOrientationLandscapeRight";
				INFOPLIST_KEY_UISupportedInterfaceOrientations_iPhone = "UIInterfaceOrientationPortrait UIInterfaceOrientationLandscapeLeft UIInterfaceOrientationLandscapeRight";
				IPHONEOS_DEPLOYMENT_TARGET = 17.2;
				LD_RUNPATH_SEARCH_PATHS = (
					"$(inherited)",
					"@executable_path/Frameworks",
				);
				MARKETING_VERSION = 1.0;
				PRODUCT_BUNDLE_IDENTIFIER = m.SeekersBH;
				PRODUCT_NAME = "$(TARGET_NAME)";
				SWIFT_EMIT_LOC_STRINGS = YES;
				SWIFT_VERSION = 5.0;
				TARGETED_DEVICE_FAMILY = "1,2";
			};
			name = Release;
		};
		D153BE6A2CF47ACC00A81FFC /* Debug */ = {
			isa = XCBuildConfiguration;
			buildSettings = {
				BUNDLE_LOADER = "$(TEST_HOST)";
				CODE_SIGN_STYLE = Automatic;
				CURRENT_PROJECT_VERSION = 1;
				GENERATE_INFOPLIST_FILE = YES;
				IPHONEOS_DEPLOYMENT_TARGET = 17.2;
				MARKETING_VERSION = 1.0;
				PRODUCT_BUNDLE_IDENTIFIER = m.SeekersBHTests;
				PRODUCT_NAME = "$(TARGET_NAME)";
				SWIFT_EMIT_LOC_STRINGS = NO;
				SWIFT_VERSION = 5.0;
				TARGETED_DEVICE_FAMILY = "1,2";
				TEST_HOST = "$(BUILT_PRODUCTS_DIR)/SeekersBH.app/$(BUNDLE_EXECUTABLE_FOLDER_PATH)/SeekersBH";
			};
			name = Debug;
		};
		D153BE6B2CF47ACC00A81FFC /* Release */ = {
			isa = XCBuildConfiguration;
			buildSettings = {
				BUNDLE_LOADER = "$(TEST_HOST)";
				CODE_SIGN_STYLE = Automatic;
				CURRENT_PROJECT_VERSION = 1;
				GENERATE_INFOPLIST_FILE = YES;
				IPHONEOS_DEPLOYMENT_TARGET = 17.2;
				MARKETING_VERSION = 1.0;
				PRODUCT_BUNDLE_IDENTIFIER = m.SeekersBHTests;
				PRODUCT_NAME = "$(TARGET_NAME)";
				SWIFT_EMIT_LOC_STRINGS = NO;
				SWIFT_VERSION = 5.0;
				TARGETED_DEVICE_FAMILY = "1,2";
				TEST_HOST = "$(BUILT_PRODUCTS_DIR)/SeekersBH.app/$(BUNDLE_EXECUTABLE_FOLDER_PATH)/SeekersBH";
			};
			name = Release;
		};
		D153BE6D2CF47ACC00A81FFC /* Debug */ = {
			isa = XCBuildConfiguration;
			buildSettings = {
				CODE_SIGN_STYLE = Automatic;
				CURRENT_PROJECT_VERSION = 1;
				GENERATE_INFOPLIST_FILE = YES;
				MARKETING_VERSION = 1.0;
				PRODUCT_BUNDLE_IDENTIFIER = m.SeekersBHUITests;
				PRODUCT_NAME = "$(TARGET_NAME)";
				SWIFT_EMIT_LOC_STRINGS = NO;
				SWIFT_VERSION = 5.0;
				TARGETED_DEVICE_FAMILY = "1,2";
				TEST_TARGET_NAME = SeekersBH;
			};
			name = Debug;
		};
		D153BE6E2CF47ACC00A81FFC /* Release */ = {
			isa = XCBuildConfiguration;
			buildSettings = {
				CODE_SIGN_STYLE = Automatic;
				CURRENT_PROJECT_VERSION = 1;
				GENERATE_INFOPLIST_FILE = YES;
				MARKETING_VERSION = 1.0;
				PRODUCT_BUNDLE_IDENTIFIER = m.SeekersBHUITests;
				PRODUCT_NAME = "$(TARGET_NAME)";
				SWIFT_EMIT_LOC_STRINGS = NO;
				SWIFT_VERSION = 5.0;
				TARGETED_DEVICE_FAMILY = "1,2";
				TEST_TARGET_NAME = SeekersBH;
			};
			name = Release;
		};
/* End XCBuildConfiguration section */

/* Begin XCConfigurationList section */
		D153BE372CF47AC900A81FFC /* Build configuration list for PBXProject "SeekersBH" */ = {
			isa = XCConfigurationList;
			buildConfigurations = (
				D153BE642CF47ACC00A81FFC /* Debug */,
				D153BE652CF47ACC00A81FFC /* Release */,
			);
			defaultConfigurationIsVisible = 0;
			defaultConfigurationName = Release;
		};
		D153BE662CF47ACC00A81FFC /* Build configuration list for PBXNativeTarget "SeekersBH" */ = {
			isa = XCConfigurationList;
			buildConfigurations = (
				D153BE672CF47ACC00A81FFC /* Debug */,
				D153BE682CF47ACC00A81FFC /* Release */,
			);
			defaultConfigurationIsVisible = 0;
			defaultConfigurationName = Release;
		};
		D153BE692CF47ACC00A81FFC /* Build configuration list for PBXNativeTarget "SeekersBHTests" */ = {
			isa = XCConfigurationList;
			buildConfigurations = (
				D153BE6A2CF47ACC00A81FFC /* Debug */,
				D153BE6B2CF47ACC00A81FFC /* Release */,
			);
			defaultConfigurationIsVisible = 0;
			defaultConfigurationName = Release;
		};
		D153BE6C2CF47ACC00A81FFC /* Build configuration list for PBXNativeTarget "SeekersBHUITests" */ = {
			isa = XCConfigurationList;
			buildConfigurations = (
				D153BE6D2CF47ACC00A81FFC /* Debug */,
				D153BE6E2CF47ACC00A81FFC /* Release */,
			);
			defaultConfigurationIsVisible = 0;
			defaultConfigurationName = Release;
		};
/* End XCConfigurationList section */

/* Begin XCRemoteSwiftPackageReference section */
		895C0AA92D17354800E7283B /* XCRemoteSwiftPackageReference "cloudinary_ios" */ = {
			isa = XCRemoteSwiftPackageReference;
			repositoryURL = "https://github.com/cloudinary/cloudinary_ios";
			requirement = {
				kind = upToNextMajorVersion;
				minimumVersion = 5.1.0;
			};
		};
		947B8FE02D11B4BF004463EF /* XCRemoteSwiftPackageReference "firebase-ios-sdk" */ = {
			isa = XCRemoteSwiftPackageReference;
			repositoryURL = "https://github.com/firebase/firebase-ios-sdk";
			requirement = {
				kind = upToNextMajorVersion;
				minimumVersion = 11.6.0;
			};
		};
/* End XCRemoteSwiftPackageReference section */

/* Begin XCSwiftPackageProductDependency section */
		895C0AAA2D17354800E7283B /* Cloudinary */ = {
			isa = XCSwiftPackageProductDependency;
			package = 895C0AA92D17354800E7283B /* XCRemoteSwiftPackageReference "cloudinary_ios" */;
			productName = Cloudinary;
		};
		947B8FE12D11B4C0004463EF /* FirebaseAnalytics */ = {
			isa = XCSwiftPackageProductDependency;
			package = 947B8FE02D11B4BF004463EF /* XCRemoteSwiftPackageReference "firebase-ios-sdk" */;
			productName = FirebaseAnalytics;
		};
		947B8FE32D11B559004463EF /* FirebaseFirestore */ = {
			isa = XCSwiftPackageProductDependency;
			package = 947B8FE02D11B4BF004463EF /* XCRemoteSwiftPackageReference "firebase-ios-sdk" */;
			productName = FirebaseFirestore;
		};
/* End XCSwiftPackageProductDependency section */
	};
	rootObject = D153BE342CF47AC900A81FFC /* Project object */;
}
